// !$*UTF8*$!
{
	archiveVersion = 1;
	classes = {
	};
	objectVersion = 54;
	objects = {

/* Begin PBXBuildFile section */
		6EF9FF3E2BACB39B00E35D7C /* TableViews.xcdatamodeld in Sources */ = {isa = PBXBuildFile; fileRef = 6EF9FF3C2BACB39B00E35D7C /* TableViews.xcdatamodeld */; };
		6EF9FF412BACE25700E35D7C /* Paises+CoreDataClass.swift in Sources */ = {isa = PBXBuildFile; fileRef = 6EF9FF3F2BACE25700E35D7C /* Paises+CoreDataClass.swift */; };
		6EF9FF422BACE25700E35D7C /* Paises+CoreDataProperties.swift in Sources */ = {isa = PBXBuildFile; fileRef = 6EF9FF402BACE25700E35D7C /* Paises+CoreDataProperties.swift */; };
		ACDF9292240508CD0013A749 /* AppDelegate.swift in Sources */ = {isa = PBXBuildFile; fileRef = ACDF9291240508CD0013A749 /* AppDelegate.swift */; };
		ACDF9294240508CD0013A749 /* SceneDelegate.swift in Sources */ = {isa = PBXBuildFile; fileRef = ACDF9293240508CD0013A749 /* SceneDelegate.swift */; };
		ACDF9296240508CD0013A749 /* ViewController.swift in Sources */ = {isa = PBXBuildFile; fileRef = ACDF9295240508CD0013A749 /* ViewController.swift */; };
		ACDF9299240508CD0013A749 /* Main.storyboard in Resources */ = {isa = PBXBuildFile; fileRef = ACDF9297240508CD0013A749 /* Main.storyboard */; };
		ACDF929B240508CE0013A749 /* Assets.xcassets in Resources */ = {isa = PBXBuildFile; fileRef = ACDF929A240508CE0013A749 /* Assets.xcassets */; };
		ACDF929E240508CE0013A749 /* LaunchScreen.storyboard in Resources */ = {isa = PBXBuildFile; fileRef = ACDF929C240508CE0013A749 /* LaunchScreen.storyboard */; };
/* End PBXBuildFile section */

/* Begin PBXFileReference section */
		6EF9FF3D2BACB39B00E35D7C /* TableViews.xcdatamodel */ = {isa = PBXFileReference; lastKnownFileType = wrapper.xcdatamodel; path = TableViews.xcdatamodel; sourceTree = "<group>"; };
		6EF9FF3F2BACE25700E35D7C /* Paises+CoreDataClass.swift */ = {isa = PBXFileReference; lastKnownFileType = sourcecode.swift; path = "Paises+CoreDataClass.swift"; sourceTree = "<group>"; };
		6EF9FF402BACE25700E35D7C /* Paises+CoreDataProperties.swift */ = {isa = PBXFileReference; lastKnownFileType = sourcecode.swift; path = "Paises+CoreDataProperties.swift"; sourceTree = "<group>"; };
		ACDF928E240508CD0013A749 /* TableViews.app */ = {isa = PBXFileReference; explicitFileType = wrapper.application; includeInIndex = 0; path = TableViews.app; sourceTree = BUILT_PRODUCTS_DIR; };
		ACDF9291240508CD0013A749 /* AppDelegate.swift */ = {isa = PBXFileReference; lastKnownFileType = sourcecode.swift; path = AppDelegate.swift; sourceTree = "<group>"; };
		ACDF9293240508CD0013A749 /* SceneDelegate.swift */ = {isa = PBXFileReference; lastKnownFileType = sourcecode.swift; path = SceneDelegate.swift; sourceTree = "<group>"; };
		ACDF9295240508CD0013A749 /* ViewController.swift */ = {isa = PBXFileReference; lastKnownFileType = sourcecode.swift; path = ViewController.swift; sourceTree = "<group>"; };
		ACDF9298240508CD0013A749 /* Base */ = {isa = PBXFileReference; lastKnownFileType = file.storyboard; name = Base; path = Base.lproj/Main.storyboard; sourceTree = "<group>"; };
		ACDF929A240508CE0013A749 /* Assets.xcassets */ = {isa = PBXFileReference; lastKnownFileType = folder.assetcatalog; path = Assets.xcassets; sourceTree = "<group>"; };
		ACDF929D240508CE0013A749 /* Base */ = {isa = PBXFileReference; lastKnownFileType = file.storyboard; name = Base; path = Base.lproj/LaunchScreen.storyboard; sourceTree = "<group>"; };
		ACDF929F240508CE0013A749 /* Info.plist */ = {isa = PBXFileReference; lastKnownFileType = text.plist.xml; path = Info.plist; sourceTree = "<group>"; };
/* End PBXFileReference section */

/* Begin PBXFrameworksBuildPhase section */
		ACDF928B240508CD0013A749 /* Frameworks */ = {
			isa = PBXFrameworksBuildPhase;
			buildActionMask = 2147483647;
			files = (
			);
			runOnlyForDeploymentPostprocessing = 0;
		};
/* End PBXFrameworksBuildPhase section */

/* Begin PBXGroup section */
		6EF9FF3B2BACB33500E35D7C /* New Group */ = {
			isa = PBXGroup;
			children = (
			);
			path = "New Group";
			sourceTree = "<group>";
		};
		ACDF9285240508CD0013A749 = {
			isa = PBXGroup;
			children = (
				6EF9FF3F2BACE25700E35D7C /* Paises+CoreDataClass.swift */,
				6EF9FF402BACE25700E35D7C /* Paises+CoreDataProperties.swift */,
				ACDF9290240508CD0013A749 /* TableViews */,
				ACDF928F240508CD0013A749 /* Products */,
			);
			sourceTree = "<group>";
		};
		ACDF928F240508CD0013A749 /* Products */ = {
			isa = PBXGroup;
			children = (
				ACDF928E240508CD0013A749 /* TableViews.app */,
			);
			name = Products;
			sourceTree = "<group>";
		};
		ACDF9290240508CD0013A749 /* TableViews */ = {
			isa = PBXGroup;
			children = (
				6EF9FF3B2BACB33500E35D7C /* New Group */,
				ACDF9291240508CD0013A749 /* AppDelegate.swift */,
				ACDF9293240508CD0013A749 /* SceneDelegate.swift */,
				ACDF9295240508CD0013A749 /* ViewController.swift */,
				ACDF9297240508CD0013A749 /* Main.storyboard */,
				ACDF929A240508CE0013A749 /* Assets.xcassets */,
				ACDF929C240508CE0013A749 /* LaunchScreen.storyboard */,
				ACDF929F240508CE0013A749 /* Info.plist */,
				6EF9FF3C2BACB39B00E35D7C /* TableViews.xcdatamodeld */,
			);
			path = TableViews;
			sourceTree = "<group>";
		};
/* End PBXGroup section */

/* Begin PBXNativeTarget section */
		ACDF928D240508CD0013A749 /* TableViews */ = {
			isa = PBXNativeTarget;
			buildConfigurationList = ACDF92A2240508CE0013A749 /* Build configuration list for PBXNativeTarget "TableViews" */;
			buildPhases = (
				ACDF928A240508CD0013A749 /* Sources */,
				ACDF928B240508CD0013A749 /* Frameworks */,
				ACDF928C240508CD0013A749 /* Resources */,
			);
			buildRules = (
			);
			dependencies = (
			);
			name = TableViews;
			productName = TableViews;
			productReference = ACDF928E240508CD0013A749 /* TableViews.app */;
			productType = "com.apple.product-type.application";
		};
/* End PBXNativeTarget section */

/* Begin PBXProject section */
		ACDF9286240508CD0013A749 /* Project object */ = {
			isa = PBXProject;
			attributes = {
				BuildIndependentTargetsInParallel = YES;
				LastSwiftUpdateCheck = 1130;
				LastUpgradeCheck = 1530;
				ORGANIZATIONNAME = MoureDev;
				TargetAttributes = {
					ACDF928D240508CD0013A749 = {
						CreatedOnToolsVersion = 11.3.1;
					};
				};
			};
			buildConfigurationList = ACDF9289240508CD0013A749 /* Build configuration list for PBXProject "TableViews" */;
			compatibilityVersion = "Xcode 9.3";
			developmentRegion = en;
			hasScannedForEncodings = 0;
			knownRegions = (
				en,
				Base,
			);
			mainGroup = ACDF9285240508CD0013A749;
			productRefGroup = ACDF928F240508CD0013A749 /* Products */;
			projectDirPath = "";
			projectRoot = "";
			targets = (
				ACDF928D240508CD0013A749 /* TableViews */,
			);
		};
/* End PBXProject section */

/* Begin PBXResourcesBuildPhase section */
		ACDF928C240508CD0013A749 /* Resources */ = {
			isa = PBXResourcesBuildPhase;
			buildActionMask = 2147483647;
			files = (
				ACDF929E240508CE0013A749 /* LaunchScreen.storyboard in Resources */,
				ACDF929B240508CE0013A749 /* Assets.xcassets in Resources */,
				ACDF9299240508CD0013A749 /* Main.storyboard in Resources */,
			);
			runOnlyForDeploymentPostprocessing = 0;
		};
/* End PBXResourcesBuildPhase section */

/* Begin PBXSourcesBuildPhase section */
		ACDF928A240508CD0013A749 /* Sources */ = {
			isa = PBXSourcesBuildPhase;
			buildActionMask = 2147483647;
			files = (
				6EF9FF412BACE25700E35D7C /* Paises+CoreDataClass.swift in Sources */,
				6EF9FF422BACE25700E35D7C /* Paises+CoreDataProperties.swift in Sources */,
				ACDF9296240508CD0013A749 /* ViewController.swift in Sources */,
				6EF9FF3E2BACB39B00E35D7C /* TableViews.xcdatamodeld in Sources */,
				ACDF9292240508CD0013A749 /* AppDelegate.swift in Sources */,
				ACDF9294240508CD0013A749 /* SceneDelegate.swift in Sources */,
			);
			runOnlyForDeploymentPostprocessing = 0;
		};
/* End PBXSourcesBuildPhase section */

/* Begin PBXVariantGroup section */
		ACDF9297240508CD0013A749 /* Main.storyboard */ = {
			isa = PBXVariantGroup;
			children = (
				ACDF9298240508CD0013A749 /* Base */,
			);
			name = Main.storyboard;
			sourceTree = "<group>";
		};
		ACDF929C240508CE0013A749 /* LaunchScreen.storyboard */ = {
			isa = PBXVariantGroup;
			children = (
				ACDF929D240508CE0013A749 /* Base */,
			);
			name = LaunchScreen.storyboard;
			sourceTree = "<group>";
		};
/* End PBXVariantGroup section */

/* Begin XCBuildConfiguration section */
		ACDF92A0240508CE0013A749 /* Debug */ = {
			isa = XCBuildConfiguration;
			buildSettings = {
				ALWAYS_SEARCH_USER_PATHS = NO;
				ASSETCATALOG_COMPILER_GENERATE_SWIFT_ASSET_SYMBOL_EXTENSIONS = YES;
				CLANG_ANALYZER_NONNULL = YES;
				CLANG_ANALYZER_NUMBER_OBJECT_CONVERSION = YES_AGGRESSIVE;
				CLANG_CXX_LANGUAGE_STANDARD = "gnu++14";
				CLANG_CXX_LIBRARY = "libc++";
				CLANG_ENABLE_MODULES = YES;
				CLANG_ENABLE_OBJC_ARC = YES;
				CLANG_ENABLE_OBJC_WEAK = YES;
				CLANG_WARN_BLOCK_CAPTURE_AUTORELEASING = YES;
				CLANG_WARN_BOOL_CONVERSION = YES;
				CLANG_WARN_COMMA = YES;
				CLANG_WARN_CONSTANT_CONVERSION = YES;
				CLANG_WARN_DEPRECATED_OBJC_IMPLEMENTATIONS = YES;
				CLANG_WARN_DIRECT_OBJC_ISA_USAGE = YES_ERROR;
				CLANG_WARN_DOCUMENTATION_COMMENTS = YES;
				CLANG_WARN_EMPTY_BODY = YES;
				CLANG_WARN_ENUM_CONVERSION = YES;
				CLANG_WARN_INFINITE_RECURSION = YES;
				CLANG_WARN_INT_CONVERSION = YES;
				CLANG_WARN_NON_LITERAL_NULL_CONVERSION = YES;
				CLANG_WARN_OBJC_IMPLICIT_RETAIN_SELF = YES;
				CLANG_WARN_OBJC_LITERAL_CONVERSION = YES;
				CLANG_WARN_OBJC_ROOT_CLASS = YES_ERROR;
				CLANG_WARN_QUOTED_INCLUDE_IN_FRAMEWORK_HEADER = YES;
				CLANG_WARN_RANGE_LOOP_ANALYSIS = YES;
				CLANG_WARN_STRICT_PROTOTYPES = YES;
				CLANG_WARN_SUSPICIOUS_MOVE = YES;
				CLANG_WARN_UNGUARDED_AVAILABILITY = YES_AGGRESSIVE;
				CLANG_WARN_UNREACHABLE_CODE = YES;
				CLANG_WARN__DUPLICATE_METHOD_MATCH = YES;
				COPY_PHASE_STRIP = NO;
				DEBUG_INFORMATION_FORMAT = dwarf;
				ENABLE_STRICT_OBJC_MSGSEND = YES;
				ENABLE_TESTABILITY = YES;
				ENABLE_USER_SCRIPT_SANDBOXING = YES;
				GCC_C_LANGUAGE_STANDARD = gnu11;
				GCC_DYNAMIC_NO_PIC = NO;
				GCC_NO_COMMON_BLOCKS = YES;
				GCC_OPTIMIZATION_LEVEL = 0;
				GCC_PREPROCESSOR_DEFINITIONS = (
					"DEBUG=1",
					"$(inherited)",
				);
				GCC_WARN_64_TO_32_BIT_CONVERSION = YES;
				GCC_WARN_ABOUT_RETURN_TYPE = YES_ERROR;
				GCC_WARN_UNDECLARED_SELECTOR = YES;
				GCC_WARN_UNINITIALIZED_AUTOS = YES_AGGRESSIVE;
				GCC_WARN_UNUSED_FUNCTION = YES;
				GCC_WARN_UNUSED_VARIABLE = YES;
				IPHONEOS_DEPLOYMENT_TARGET = 13.2;
				MTL_ENABLE_DEBUG_INFO = INCLUDE_SOURCE;
				MTL_FAST_MATH = YES;
				ONLY_ACTIVE_ARCH = YES;
				SDKROOT = iphoneos;
				SWIFT_ACTIVE_COMPILATION_CONDITIONS = DEBUG;
				SWIFT_OPTIMIZATION_LEVEL = "-Onone";
			};
			name = Debug;
		};
		ACDF92A1240508CE0013A749 /* Release */ = {
			isa = XCBuildConfiguration;
			buildSettings = {
				ALWAYS_SEARCH_USER_PATHS = NO;
				ASSETCATALOG_COMPILER_GENERATE_SWIFT_ASSET_SYMBOL_EXTENSIONS = YES;
				CLANG_ANALYZER_NONNULL = YES;
				CLANG_ANALYZER_NUMBER_OBJECT_CONVERSION = YES_AGGRESSIVE;
				CLANG_CXX_LANGUAGE_STANDARD = "gnu++14";
				CLANG_CXX_LIBRARY = "libc++";
				CLANG_ENABLE_MODULES = YES;
				CLANG_ENABLE_OBJC_ARC = YES;
				CLANG_ENABLE_OBJC_WEAK = YES;
				CLANG_WARN_BLOCK_CAPTURE_AUTORELEASING = YES;
				CLANG_WARN_BOOL_CONVERSION = YES;
				CLANG_WARN_COMMA = YES;
				CLANG_WARN_CONSTANT_CONVERSION = YES;
				CLANG_WARN_DEPRECATED_OBJC_IMPLEMENTATIONS = YES;
				CLANG_WARN_DIRECT_OBJC_ISA_USAGE = YES_ERROR;
				CLANG_WARN_DOCUMENTATION_COMMENTS = YES;
				CLANG_WARN_EMPTY_BODY = YES;
				CLANG_WARN_ENUM_CONVERSION = YES;
				CLANG_WARN_INFINITE_RECURSION = YES;
				CLANG_WARN_INT_CONVERSION = YES;
				CLANG_WARN_NON_LITERAL_NULL_CONVERSION = YES;
				CLANG_WARN_OBJC_IMPLICIT_RETAIN_SELF = YES;
				CLANG_WARN_OBJC_LITERAL_CONVERSION = YES;
				CLANG_WARN_OBJC_ROOT_CLASS = YES_ERROR;
				CLANG_WARN_QUOTED_INCLUDE_IN_FRAMEWORK_HEADER = YES;
				CLANG_WARN_RANGE_LOOP_ANALYSIS = YES;
				CLANG_WARN_STRICT_PROTOTYPES = YES;
				CLANG_WARN_SUSPICIOUS_MOVE = YES;
				CLANG_WARN_UNGUARDED_AVAILABILITY = YES_AGGRESSIVE;
				CLANG_WARN_UNREACHABLE_CODE = YES;
				CLANG_WARN__DUPLICATE_METHOD_MATCH = YES;
				COPY_PHASE_STRIP = NO;
				DEBUG_INFORMATION_FORMAT = "dwarf-with-dsym";
				ENABLE_NS_ASSERTIONS = NO;
				ENABLE_STRICT_OBJC_MSGSEND = YES;
				ENABLE_USER_SCRIPT_SANDBOXING = YES;
				GCC_C_LANGUAGE_STANDARD = gnu11;
				GCC_NO_COMMON_BLOCKS = YES;
				GCC_WARN_64_TO_32_BIT_CONVERSION = YES;
				GCC_WARN_ABOUT_RETURN_TYPE = YES_ERROR;
				GCC_WARN_UNDECLARED_SELECTOR = YES;
				GCC_WARN_UNINITIALIZED_AUTOS = YES_AGGRESSIVE;
				GCC_WARN_UNUSED_FUNCTION = YES;
				GCC_WARN_UNUSED_VARIABLE = YES;
				IPHONEOS_DEPLOYMENT_TARGET = 13.2;
				MTL_ENABLE_DEBUG_INFO = NO;
				MTL_FAST_MATH = YES;
				SDKROOT = iphoneos;
				SWIFT_COMPILATION_MODE = wholemodule;
				SWIFT_OPTIMIZATION_LEVEL = "-O";
				VALIDATE_PRODUCT = YES;
			};
			name = Release;
		};
		ACDF92A3240508CE0013A749 /* Debug */ = {
			isa = XCBuildConfiguration;
			buildSettings = {
				ASSETCATALOG_COMPILER_APPICON_NAME = AppIcon;
				CODE_SIGN_STYLE = Automatic;
				DEVELOPMENT_TEAM = W5HZTU6SV8;
				INFOPLIST_FILE = TableViews/Info.plist;
				IPHONEOS_DEPLOYMENT_TARGET = 13.0;
				LD_RUNPATH_SEARCH_PATHS = (
					"$(inherited)",
					"@executable_path/Frameworks",
				);
				PRODUCT_BUNDLE_IDENTIFIER = com.mouredev.TableViews;
				PRODUCT_NAME = "$(TARGET_NAME)";
				SWIFT_VERSION = 5.0;
				TARGETED_DEVICE_FAMILY = "1,2";
			};
			name = Debug;
		};
		ACDF92A4240508CE0013A749 /* Release */ = {
			isa = XCBuildConfiguration;
			buildSettings = {
				ASSETCATALOG_COMPILER_APPICON_NAME = AppIcon;
				CODE_SIGN_STYLE = Automatic;
				DEVELOPMENT_TEAM = W5HZTU6SV8;
				INFOPLIST_FILE = TableViews/Info.plist;
				IPHONEOS_DEPLOYMENT_TARGET = 13.0;
				LD_RUNPATH_SEARCH_PATHS = (
					"$(inherited)",
					"@executable_path/Frameworks",
				);
				PRODUCT_BUNDLE_IDENTIFIER = com.mouredev.TableViews;
				PRODUCT_NAME = "$(TARGET_NAME)";
				SWIFT_VERSION = 5.0;
				TARGETED_DEVICE_FAMILY = "1,2";
			};
			name = Release;
		};
/* End XCBuildConfiguration section */

/* Begin XCConfigurationList section */
		ACDF9289240508CD0013A749 /* Build configuration list for PBXProject "TableViews" */ = {
			isa = XCConfigurationList;
			buildConfigurations = (
				ACDF92A0240508CE0013A749 /* Debug */,
				ACDF92A1240508CE0013A749 /* Release */,
			);
			defaultConfigurationIsVisible = 0;
			defaultConfigurationName = Release;
		};
		ACDF92A2240508CE0013A749 /* Build configuration list for PBXNativeTarget "TableViews" */ = {
			isa = XCConfigurationList;
			buildConfigurations = (
				ACDF92A3240508CE0013A749 /* Debug */,
				ACDF92A4240508CE0013A749 /* Release */,
			);
			defaultConfigurationIsVisible = 0;
			defaultConfigurationName = Release;
		};
/* End XCConfigurationList section */

/* Begin XCVersionGroup section */
		6EF9FF3C2BACB39B00E35D7C /* TableViews.xcdatamodeld */ = {
			isa = XCVersionGroup;
			children = (
				6EF9FF3D2BACB39B00E35D7C /* TableViews.xcdatamodel */,
			);
			currentVersion = 6EF9FF3D2BACB39B00E35D7C /* TableViews.xcdatamodel */;
			name = TableViews.xcdatamodeld;
			path = "/Users/estebanperezcastillejo/Desktop/Prolyectos Xcode/Repos/Mouredev/100 días de Swift con MoureDev!/Proyectos/TableViews/TableViews/TableViews.xcdatamodeld";
			sourceTree = "<group>";
			versionGroupType = wrapper.xcdatamodel;
		};
/* End XCVersionGroup section */
	};
	rootObject = ACDF9286240508CD0013A749 /* Project object */;
}
