// !$*UTF8*$!
{
	archiveVersion = 1;
	classes = {
	};
	objectVersion = 56;
	objects = {

/* Begin PBXBuildFile section */
		6E0D64202B9DAA4D003B99CB /* AppDelegate.swift in Sources */ = {isa = PBXBuildFile; fileRef = 6E0D641F2B9DAA4D003B99CB /* AppDelegate.swift */; };
		6E0D64222B9DAA4D003B99CB /* SceneDelegate.swift in Sources */ = {isa = PBXBuildFile; fileRef = 6E0D64212B9DAA4D003B99CB /* SceneDelegate.swift */; };
		6E0D64242B9DAA4D003B99CB /* ViewController.swift in Sources */ = {isa = PBXBuildFile; fileRef = 6E0D64232B9DAA4D003B99CB /* ViewController.swift */; };
		6E0D64272B9DAA4D003B99CB /* Base in Resources */ = {isa = PBXBuildFile; fileRef = 6E0D64262B9DAA4D003B99CB /* Base */; };
		6E0D64292B9DAA5A003B99CB /* Assets.xcassets in Resources */ = {isa = PBXBuildFile; fileRef = 6E0D64282B9DAA5A003B99CB /* Assets.xcassets */; };
		6E0D642C2B9DAA5A003B99CB /* Base in Resources */ = {isa = PBXBuildFile; fileRef = 6E0D642B2B9DAA5A003B99CB /* Base */; };
/* End PBXBuildFile section */

/* Begin PBXFileReference section */
		6E0D641C2B9DAA4D003B99CB /* Calculator_iOS.app */ = {isa = PBXFileReference; explicitFileType = wrapper.application; includeInIndex = 0; path = Calculator_iOS.app; sourceTree = BUILT_PRODUCTS_DIR; };
		6E0D641F2B9DAA4D003B99CB /* AppDelegate.swift */ = {isa = PBXFileReference; lastKnownFileType = sourcecode.swift; path = AppDelegate.swift; sourceTree = "<group>"; };
		6E0D64212B9DAA4D003B99CB /* SceneDelegate.swift */ = {isa = PBXFileReference; lastKnownFileType = sourcecode.swift; path = SceneDelegate.swift; sourceTree = "<group>"; };
		6E0D64232B9DAA4D003B99CB /* ViewController.swift */ = {isa = PBXFileReference; lastKnownFileType = sourcecode.swift; path = ViewController.swift; sourceTree = "<group>"; };
		6E0D64262B9DAA4D003B99CB /* Base */ = {isa = PBXFileReference; lastKnownFileType = file.storyboard; name = Base; path = Base.lproj/Main.storyboard; sourceTree = "<group>"; };
		6E0D64282B9DAA5A003B99CB /* Assets.xcassets */ = {isa = PBXFileReference; lastKnownFileType = folder.assetcatalog; path = Assets.xcassets; sourceTree = "<group>"; };
		6E0D642B2B9DAA5A003B99CB /* Base */ = {isa = PBXFileReference; lastKnownFileType = file.storyboard; name = Base; path = Base.lproj/LaunchScreen.storyboard; sourceTree = "<group>"; };
		6E0D642D2B9DAA5A003B99CB /* Info.plist */ = {isa = PBXFileReference; lastKnownFileType = text.plist.xml; path = Info.plist; sourceTree = "<group>"; };
/* End PBXFileReference section */

/* Begin PBXFrameworksBuildPhase section */
		6E0D64192B9DAA4D003B99CB /* Frameworks */ = {
			isa = PBXFrameworksBuildPhase;
			buildActionMask = 2147483647;
			files = (
			);
			runOnlyForDeploymentPostprocessing = 0;
		};
/* End PBXFrameworksBuildPhase section */

/* Begin PBXGroup section */
		6E0D64132B9DAA4D003B99CB = {
			isa = PBXGroup;
			children = (
				6E0D641E2B9DAA4D003B99CB /* Calculator_iOS */,
				6E0D641D2B9DAA4D003B99CB /* Products */,
			);
			sourceTree = "<group>";
		};
		6E0D641D2B9DAA4D003B99CB /* Products */ = {
			isa = PBXGroup;
			children = (
				6E0D641C2B9DAA4D003B99CB /* Calculator_iOS.app */,
			);
			name = Products;
			sourceTree = "<group>";
		};
		6E0D641E2B9DAA4D003B99CB /* Calculator_iOS */ = {
			isa = PBXGroup;
			children = (
				6E0D641F2B9DAA4D003B99CB /* AppDelegate.swift */,
				6E0D64212B9DAA4D003B99CB /* SceneDelegate.swift */,
				6E0D642D2B9DAA5A003B99CB /* Info.plist */,
				6E95BA4D2B9E4D210030D28C /* Util */,
				6E95BA4A2B9E4CF70030D28C /* Model */,
				6E95BA4C2B9E4D0E0030D28C /* Controller */,
				6E95BA4B2B9E4CFF0030D28C /* View */,
			);
			path = Calculator_iOS;
			sourceTree = "<group>";
		};
		6E95BA4A2B9E4CF70030D28C /* Model */ = {
			isa = PBXGroup;
			children = (
			);
			path = Model;
			sourceTree = "<group>";
		};
		6E95BA4B2B9E4CFF0030D28C /* View */ = {
			isa = PBXGroup;
			children = (
				6E95BA4E2B9E4D300030D28C /* Home */,
				6E95BA4F2B9E4D8F0030D28C /* Launch */,
			);
			path = View;
			sourceTree = "<group>";
		};
		6E95BA4C2B9E4D0E0030D28C /* Controller */ = {
			isa = PBXGroup;
			children = (
				6E0D64232B9DAA4D003B99CB /* ViewController.swift */,
			);
			path = Controller;
			sourceTree = "<group>";
		};
		6E95BA4D2B9E4D210030D28C /* Util */ = {
			isa = PBXGroup;
			children = (
				6E0D64282B9DAA5A003B99CB /* Assets.xcassets */,
			);
			path = Util;
			sourceTree = "<group>";
		};
		6E95BA4E2B9E4D300030D28C /* Home */ = {
			isa = PBXGroup;
			children = (
				6E0D64252B9DAA4D003B99CB /* Main.storyboard */,
			);
			path = Home;
			sourceTree = "<group>";
		};
		6E95BA4F2B9E4D8F0030D28C /* Launch */ = {
			isa = PBXGroup;
			children = (
				6E0D642A2B9DAA5A003B99CB /* LaunchScreen.storyboard */,
			);
			path = Launch;
			sourceTree = "<group>";
		};
/* End PBXGroup section */

/* Begin PBXNativeTarget section */
		6E0D641B2B9DAA4D003B99CB /* Calculator_iOS */ = {
			isa = PBXNativeTarget;
			buildConfigurationList = 6E0D64302B9DAA5A003B99CB /* Build configuration list for PBXNativeTarget "Calculator_iOS" */;
			buildPhases = (
				6E0D64182B9DAA4D003B99CB /* Sources */,
				6E0D64192B9DAA4D003B99CB /* Frameworks */,
				6E0D641A2B9DAA4D003B99CB /* Resources */,
			);
			buildRules = (
			);
			dependencies = (
			);
			name = Calculator_iOS;
			productName = Calculator_iOS;
			productReference = 6E0D641C2B9DAA4D003B99CB /* Calculator_iOS.app */;
			productType = "com.apple.product-type.application";
		};
/* End PBXNativeTarget section */

/* Begin PBXProject section */
		6E0D64142B9DAA4D003B99CB /* Project object */ = {
			isa = PBXProject;
			attributes = {
				BuildIndependentTargetsInParallel = 1;
				LastSwiftUpdateCheck = 1530;
				LastUpgradeCheck = 1530;
				TargetAttributes = {
					6E0D641B2B9DAA4D003B99CB = {
						CreatedOnToolsVersion = 15.3;
					};
				};
			};
			buildConfigurationList = 6E0D64172B9DAA4D003B99CB /* Build configuration list for PBXProject "Calculator_iOS" */;
			compatibilityVersion = "Xcode 14.0";
			developmentRegion = en;
			hasScannedForEncodings = 0;
			knownRegions = (
				en,
				Base,
			);
			mainGroup = 6E0D64132B9DAA4D003B99CB;
			productRefGroup = 6E0D641D2B9DAA4D003B99CB /* Products */;
			projectDirPath = "";
			projectRoot = "";
			targets = (
				6E0D641B2B9DAA4D003B99CB /* Calculator_iOS */,
			);
		};
/* End PBXProject section */

/* Begin PBXResourcesBuildPhase section */
		6E0D641A2B9DAA4D003B99CB /* Resources */ = {
			isa = PBXResourcesBuildPhase;
			buildActionMask = 2147483647;
			files = (
				6E0D64292B9DAA5A003B99CB /* Assets.xcassets in Resources */,
				6E0D642C2B9DAA5A003B99CB /* Base in Resources */,
				6E0D64272B9DAA4D003B99CB /* Base in Resources */,
			);
			runOnlyForDeploymentPostprocessing = 0;
		};
/* End PBXResourcesBuildPhase section */

/* Begin PBXSourcesBuildPhase section */
		6E0D64182B9DAA4D003B99CB /* Sources */ = {
			isa = PBXSourcesBuildPhase;
			buildActionMask = 2147483647;
			files = (
				6E0D64242B9DAA4D003B99CB /* ViewController.swift in Sources */,
				6E0D64202B9DAA4D003B99CB /* AppDelegate.swift in Sources */,
				6E0D64222B9DAA4D003B99CB /* SceneDelegate.swift in Sources */,
			);
			runOnlyForDeploymentPostprocessing = 0;
		};
/* End PBXSourcesBuildPhase section */

/* Begin PBXVariantGroup section */
		6E0D64252B9DAA4D003B99CB /* Main.storyboard */ = {
			isa = PBXVariantGroup;
			children = (
				6E0D64262B9DAA4D003B99CB /* Base */,
			);
			name = Main.storyboard;
			sourceTree = "<group>";
		};
		6E0D642A2B9DAA5A003B99CB /* LaunchScreen.storyboard */ = {
			isa = PBXVariantGroup;
			children = (
				6E0D642B2B9DAA5A003B99CB /* Base */,
			);
			name = LaunchScreen.storyboard;
			sourceTree = "<group>";
		};
/* End PBXVariantGroup section */

/* Begin XCBuildConfiguration section */
		6E0D642E2B9DAA5A003B99CB /* Debug */ = {
			isa = XCBuildConfiguration;
			buildSettings = {
				ALWAYS_SEARCH_USER_PATHS = NO;
				ASSETCATALOG_COMPILER_GENERATE_SWIFT_ASSET_SYMBOL_EXTENSIONS = YES;
				CLANG_ANALYZER_NONNULL = YES;
				CLANG_ANALYZER_NUMBER_OBJECT_CONVERSION = YES_AGGRESSIVE;
				CLANG_CXX_LANGUAGE_STANDARD = "gnu++20";
				CLANG_ENABLE_MODULES = YES;
				CLANG_ENABLE_OBJC_ARC = YES;
				CLANG_ENABLE_OBJC_WEAK = YES;
				CLANG_WARN_BLOCK_CAPTURE_AUTORELEASING = YES;
				CLANG_WARN_BOOL_CONVERSION = YES;
				CLANG_WARN_COMMA = YES;
				CLANG_WARN_CONSTANT_CONVERSION = YES;
				CLANG_WARN_DEPRECATED_OBJC_IMPLEMENTATIONS = YES;
				CLANG_WARN_DIRECT_OBJC_ISA_USAGE = YES_ERROR;
				CLANG_WARN_DOCUMENTATION_COMMENTS = YES;
				CLANG_WARN_EMPTY_BODY = YES;
				CLANG_WARN_ENUM_CONVERSION = YES;
				CLANG_WARN_INFINITE_RECURSION = YES;
				CLANG_WARN_INT_CONVERSION = YES;
				CLANG_WARN_NON_LITERAL_NULL_CONVERSION = YES;
				CLANG_WARN_OBJC_IMPLICIT_RETAIN_SELF = YES;
				CLANG_WARN_OBJC_LITERAL_CONVERSION = YES;
				CLANG_WARN_OBJC_ROOT_CLASS = YES_ERROR;
				CLANG_WARN_QUOTED_INCLUDE_IN_FRAMEWORK_HEADER = YES;
				CLANG_WARN_RANGE_LOOP_ANALYSIS = YES;
				CLANG_WARN_STRICT_PROTOTYPES = YES;
				CLANG_WARN_SUSPICIOUS_MOVE = YES;
				CLANG_WARN_UNGUARDED_AVAILABILITY = YES_AGGRESSIVE;
				CLANG_WARN_UNREACHABLE_CODE = YES;
				CLANG_WARN__DUPLICATE_METHOD_MATCH = YES;
				COPY_PHASE_STRIP = NO;
				DEBUG_INFORMATION_FORMAT = dwarf;
				ENABLE_STRICT_OBJC_MSGSEND = YES;
				ENABLE_TESTABILITY = YES;
				ENABLE_USER_SCRIPT_SANDBOXING = YES;
				GCC_C_LANGUAGE_STANDARD = gnu17;
				GCC_DYNAMIC_NO_PIC = NO;
				GCC_NO_COMMON_BLOCKS = YES;
				GCC_OPTIMIZATION_LEVEL = 0;
				GCC_PREPROCESSOR_DEFINITIONS = (
					"DEBUG=1",
					"$(inherited)",
				);
				GCC_WARN_64_TO_32_BIT_CONVERSION = YES;
				GCC_WARN_ABOUT_RETURN_TYPE = YES_ERROR;
				GCC_WARN_UNDECLARED_SELECTOR = YES;
				GCC_WARN_UNINITIALIZED_AUTOS = YES_AGGRESSIVE;
				GCC_WARN_UNUSED_FUNCTION = YES;
				GCC_WARN_UNUSED_VARIABLE = YES;
				IPHONEOS_DEPLOYMENT_TARGET = 17.4;
				LOCALIZATION_PREFERS_STRING_CATALOGS = YES;
				MTL_ENABLE_DEBUG_INFO = INCLUDE_SOURCE;
				MTL_FAST_MATH = YES;
				ONLY_ACTIVE_ARCH = YES;
				SDKROOT = iphoneos;
				SWIFT_ACTIVE_COMPILATION_CONDITIONS = "DEBUG $(inherited)";
				SWIFT_OPTIMIZATION_LEVEL = "-Onone";
			};
			name = Debug;
		};
		6E0D642F2B9DAA5A003B99CB /* Release */ = {
			isa = XCBuildConfiguration;
			buildSettings = {
				ALWAYS_SEARCH_USER_PATHS = NO;
				ASSETCATALOG_COMPILER_GENERATE_SWIFT_ASSET_SYMBOL_EXTENSIONS = YES;
				CLANG_ANALYZER_NONNULL = YES;
				CLANG_ANALYZER_NUMBER_OBJECT_CONVERSION = YES_AGGRESSIVE;
				CLANG_CXX_LANGUAGE_STANDARD = "gnu++20";
				CLANG_ENABLE_MODULES = YES;
				CLANG_ENABLE_OBJC_ARC = YES;
				CLANG_ENABLE_OBJC_WEAK = YES;
				CLANG_WARN_BLOCK_CAPTURE_AUTORELEASING = YES;
				CLANG_WARN_BOOL_CONVERSION = YES;
				CLANG_WARN_COMMA = YES;
				CLANG_WARN_CONSTANT_CONVERSION = YES;
				CLANG_WARN_DEPRECATED_OBJC_IMPLEMENTATIONS = YES;
				CLANG_WARN_DIRECT_OBJC_ISA_USAGE = YES_ERROR;
				CLANG_WARN_DOCUMENTATION_COMMENTS = YES;
				CLANG_WARN_EMPTY_BODY = YES;
				CLANG_WARN_ENUM_CONVERSION = YES;
				CLANG_WARN_INFINITE_RECURSION = YES;
				CLANG_WARN_INT_CONVERSION = YES;
				CLANG_WARN_NON_LITERAL_NULL_CONVERSION = YES;
				CLANG_WARN_OBJC_IMPLICIT_RETAIN_SELF = YES;
				CLANG_WARN_OBJC_LITERAL_CONVERSION = YES;
				CLANG_WARN_OBJC_ROOT_CLASS = YES_ERROR;
				CLANG_WARN_QUOTED_INCLUDE_IN_FRAMEWORK_HEADER = YES;
				CLANG_WARN_RANGE_LOOP_ANALYSIS = YES;
				CLANG_WARN_STRICT_PROTOTYPES = YES;
				CLANG_WARN_SUSPICIOUS_MOVE = YES;
				CLANG_WARN_UNGUARDED_AVAILABILITY = YES_AGGRESSIVE;
				CLANG_WARN_UNREACHABLE_CODE = YES;
				CLANG_WARN__DUPLICATE_METHOD_MATCH = YES;
				COPY_PHASE_STRIP = NO;
				DEBUG_INFORMATION_FORMAT = "dwarf-with-dsym";
				ENABLE_NS_ASSERTIONS = NO;
				ENABLE_STRICT_OBJC_MSGSEND = YES;
				ENABLE_USER_SCRIPT_SANDBOXING = YES;
				GCC_C_LANGUAGE_STANDARD = gnu17;
				GCC_NO_COMMON_BLOCKS = YES;
				GCC_WARN_64_TO_32_BIT_CONVERSION = YES;
				GCC_WARN_ABOUT_RETURN_TYPE = YES_ERROR;
				GCC_WARN_UNDECLARED_SELECTOR = YES;
				GCC_WARN_UNINITIALIZED_AUTOS = YES_AGGRESSIVE;
				GCC_WARN_UNUSED_FUNCTION = YES;
				GCC_WARN_UNUSED_VARIABLE = YES;
				IPHONEOS_DEPLOYMENT_TARGET = 17.4;
				LOCALIZATION_PREFERS_STRING_CATALOGS = YES;
				MTL_ENABLE_DEBUG_INFO = NO;
				MTL_FAST_MATH = YES;
				SDKROOT = iphoneos;
				SWIFT_COMPILATION_MODE = wholemodule;
				VALIDATE_PRODUCT = YES;
			};
			name = Release;
		};
		6E0D64312B9DAA5A003B99CB /* Debug */ = {
			isa = XCBuildConfiguration;
			buildSettings = {
				ASSETCATALOG_COMPILER_APPICON_NAME = AppIcon;
				ASSETCATALOG_COMPILER_GLOBAL_ACCENT_COLOR_NAME = AccentColor;
				CODE_SIGN_STYLE = Automatic;
				CURRENT_PROJECT_VERSION = 1;
				DEVELOPMENT_TEAM = W5HZTU6SV8;
				GENERATE_INFOPLIST_FILE = YES;
				INFOPLIST_FILE = Calculator_iOS/Info.plist;
				INFOPLIST_KEY_UIApplicationSupportsIndirectInputEvents = YES;
				INFOPLIST_KEY_UILaunchStoryboardName = LaunchScreen;
				INFOPLIST_KEY_UIMainStoryboardFile = Main;
				INFOPLIST_KEY_UISupportedInterfaceOrientations_iPad = "UIInterfaceOrientationPortrait UIInterfaceOrientationPortraitUpsideDown UIInterfaceOrientationLandscapeLeft UIInterfaceOrientationLandscapeRight";
				INFOPLIST_KEY_UISupportedInterfaceOrientations_iPhone = "UIInterfaceOrientationPortrait UIInterfaceOrientationLandscapeLeft UIInterfaceOrientationLandscapeRight";
				LD_RUNPATH_SEARCH_PATHS = (
					"$(inherited)",
					"@executable_path/Frameworks",
				);
				MARKETING_VERSION = 1.0;
				PRODUCT_BUNDLE_IDENTIFIER = "com.lordzzz.Calculator-iOS";
				PRODUCT_NAME = "$(TARGET_NAME)";
				SWIFT_EMIT_LOC_STRINGS = YES;
				SWIFT_VERSION = 5.0;
				TARGETED_DEVICE_FAMILY = "1,2";
			};
			name = Debug;
		};
		6E0D64322B9DAA5A003B99CB /* Release */ = {
			isa = XCBuildConfiguration;
			buildSettings = {
				ASSETCATALOG_COMPILER_APPICON_NAME = AppIcon;
				ASSETCATALOG_COMPILER_GLOBAL_ACCENT_COLOR_NAME = AccentColor;
				CODE_SIGN_STYLE = Automatic;
				CURRENT_PROJECT_VERSION = 1;
				DEVELOPMENT_TEAM = W5HZTU6SV8;
				GENERATE_INFOPLIST_FILE = YES;
				INFOPLIST_FILE = Calculator_iOS/Info.plist;
				INFOPLIST_KEY_UIApplicationSupportsIndirectInputEvents = YES;
				INFOPLIST_KEY_UILaunchStoryboardName = LaunchScreen;
				INFOPLIST_KEY_UIMainStoryboardFile = Main;
				INFOPLIST_KEY_UISupportedInterfaceOrientations_iPad = "UIInterfaceOrientationPortrait UIInterfaceOrientationPortraitUpsideDown UIInterfaceOrientationLandscapeLeft UIInterfaceOrientationLandscapeRight";
				INFOPLIST_KEY_UISupportedInterfaceOrientations_iPhone = "UIInterfaceOrientationPortrait UIInterfaceOrientationLandscapeLeft UIInterfaceOrientationLandscapeRight";
				LD_RUNPATH_SEARCH_PATHS = (
					"$(inherited)",
					"@executable_path/Frameworks",
				);
				MARKETING_VERSION = 1.0;
				PRODUCT_BUNDLE_IDENTIFIER = "com.lordzzz.Calculator-iOS";
				PRODUCT_NAME = "$(TARGET_NAME)";
				SWIFT_EMIT_LOC_STRINGS = YES;
				SWIFT_VERSION = 5.0;
				TARGETED_DEVICE_FAMILY = "1,2";
			};
			name = Release;
		};
/* End XCBuildConfiguration section */

/* Begin XCConfigurationList section */
		6E0D64172B9DAA4D003B99CB /* Build configuration list for PBXProject "Calculator_iOS" */ = {
			isa = XCConfigurationList;
			buildConfigurations = (
				6E0D642E2B9DAA5A003B99CB /* Debug */,
				6E0D642F2B9DAA5A003B99CB /* Release */,
			);
			defaultConfigurationIsVisible = 0;
			defaultConfigurationName = Release;
		};
		6E0D64302B9DAA5A003B99CB /* Build configuration list for PBXNativeTarget "Calculator_iOS" */ = {
			isa = XCConfigurationList;
			buildConfigurations = (
				6E0D64312B9DAA5A003B99CB /* Debug */,
				6E0D64322B9DAA5A003B99CB /* Release */,
			);
			defaultConfigurationIsVisible = 0;
			defaultConfigurationName = Release;
		};
/* End XCConfigurationList section */
	};
	rootObject = 6E0D64142B9DAA4D003B99CB /* Project object */;
}
