// !$*UTF8*$!
{
	archiveVersion = 1;
	classes = {
	};
	objectVersion = 56;
	objects = {

/* Begin PBXBuildFile section */
		6E7AB0882BB16AD6000E741F /* AppDelegate.swift in Sources */ = {isa = PBXBuildFile; fileRef = 6E7AB0872BB16AD6000E741F /* AppDelegate.swift */; };
		6E7AB08A2BB16AD6000E741F /* SceneDelegate.swift in Sources */ = {isa = PBXBuildFile; fileRef = 6E7AB0892BB16AD6000E741F /* SceneDelegate.swift */; };
		6E7AB08C2BB16AD6000E741F /* ViewController.swift in Sources */ = {isa = PBXBuildFile; fileRef = 6E7AB08B2BB16AD6000E741F /* ViewController.swift */; };
		6E7AB08F2BB16AD6000E741F /* Base in Resources */ = {isa = PBXBuildFile; fileRef = 6E7AB08E2BB16AD6000E741F /* Base */; };
		6E7AB0912BB16AD8000E741F /* Assets.xcassets in Resources */ = {isa = PBXBuildFile; fileRef = 6E7AB0902BB16AD8000E741F /* Assets.xcassets */; };
		6E7AB0942BB16AD8000E741F /* Base in Resources */ = {isa = PBXBuildFile; fileRef = 6E7AB0932BB16AD8000E741F /* Base */; };
		6E7AB09D2BB16C6A000E741F /* Alamofire in Frameworks */ = {isa = PBXBuildFile; productRef = 6E7AB09C2BB16C6A000E741F /* Alamofire */; };
		6E7AB09F2BB16C6A000E741F /* AlamofireDynamic in Frameworks */ = {isa = PBXBuildFile; productRef = 6E7AB09E2BB16C6A000E741F /* AlamofireDynamic */; };
		6E7AB0A62BB16F3D000E741F /* NetworkingProvider.swift in Sources */ = {isa = PBXBuildFile; fileRef = 6E7AB0A52BB16F3D000E741F /* NetworkingProvider.swift */; };
		6E7AB0A82BB1744B000E741F /* User.swift in Sources */ = {isa = PBXBuildFile; fileRef = 6E7AB0A72BB1744B000E741F /* User.swift */; };
/* End PBXBuildFile section */

/* Begin PBXFileReference section */
		6E7AB0842BB16AD6000E741F /* Networking.app */ = {isa = PBXFileReference; explicitFileType = wrapper.application; includeInIndex = 0; path = Networking.app; sourceTree = BUILT_PRODUCTS_DIR; };
		6E7AB0872BB16AD6000E741F /* AppDelegate.swift */ = {isa = PBXFileReference; lastKnownFileType = sourcecode.swift; path = AppDelegate.swift; sourceTree = "<group>"; };
		6E7AB0892BB16AD6000E741F /* SceneDelegate.swift */ = {isa = PBXFileReference; lastKnownFileType = sourcecode.swift; path = SceneDelegate.swift; sourceTree = "<group>"; };
		6E7AB08B2BB16AD6000E741F /* ViewController.swift */ = {isa = PBXFileReference; lastKnownFileType = sourcecode.swift; path = ViewController.swift; sourceTree = "<group>"; };
		6E7AB08E2BB16AD6000E741F /* Base */ = {isa = PBXFileReference; lastKnownFileType = file.storyboard; name = Base; path = Base.lproj/Main.storyboard; sourceTree = "<group>"; };
		6E7AB0902BB16AD8000E741F /* Assets.xcassets */ = {isa = PBXFileReference; lastKnownFileType = folder.assetcatalog; path = Assets.xcassets; sourceTree = "<group>"; };
		6E7AB0932BB16AD8000E741F /* Base */ = {isa = PBXFileReference; lastKnownFileType = file.storyboard; name = Base; path = Base.lproj/LaunchScreen.storyboard; sourceTree = "<group>"; };
		6E7AB0952BB16AD8000E741F /* Info.plist */ = {isa = PBXFileReference; lastKnownFileType = text.plist.xml; path = Info.plist; sourceTree = "<group>"; };
		6E7AB0A52BB16F3D000E741F /* NetworkingProvider.swift */ = {isa = PBXFileReference; lastKnownFileType = sourcecode.swift; path = NetworkingProvider.swift; sourceTree = "<group>"; };
		6E7AB0A72BB1744B000E741F /* User.swift */ = {isa = PBXFileReference; lastKnownFileType = sourcecode.swift; path = User.swift; sourceTree = "<group>"; };
/* End PBXFileReference section */

/* Begin PBXFrameworksBuildPhase section */
		6E7AB0812BB16AD6000E741F /* Frameworks */ = {
			isa = PBXFrameworksBuildPhase;
			buildActionMask = 2147483647;
			files = (
				6E7AB09D2BB16C6A000E741F /* Alamofire in Frameworks */,
				6E7AB09F2BB16C6A000E741F /* AlamofireDynamic in Frameworks */,
			);
			runOnlyForDeploymentPostprocessing = 0;
		};
/* End PBXFrameworksBuildPhase section */

/* Begin PBXGroup section */
		6E7AB07B2BB16AD6000E741F = {
			isa = PBXGroup;
			children = (
				6E7AB0862BB16AD6000E741F /* Networking */,
				6E7AB0852BB16AD6000E741F /* Products */,
			);
			sourceTree = "<group>";
		};
		6E7AB0852BB16AD6000E741F /* Products */ = {
			isa = PBXGroup;
			children = (
				6E7AB0842BB16AD6000E741F /* Networking.app */,
			);
			name = Products;
			sourceTree = "<group>";
		};
		6E7AB0862BB16AD6000E741F /* Networking */ = {
			isa = PBXGroup;
			children = (
				6E7AB0A42BB16EB5000E741F /* ViewModel */,
				6E7AB0A32BB16EAC000E741F /* Util */,
				6E7AB0A22BB16E95000E741F /* View */,
				6E7AB0A12BB16E8B000E741F /* Model */,
				6E7AB0A02BB16E79000E741F /* Server */,
				6E7AB0872BB16AD6000E741F /* AppDelegate.swift */,
				6E7AB0892BB16AD6000E741F /* SceneDelegate.swift */,
				6E7AB08D2BB16AD6000E741F /* Main.storyboard */,
				6E7AB0902BB16AD8000E741F /* Assets.xcassets */,
				6E7AB0922BB16AD8000E741F /* LaunchScreen.storyboard */,
				6E7AB0952BB16AD8000E741F /* Info.plist */,
			);
			path = Networking;
			sourceTree = "<group>";
		};
		6E7AB0A02BB16E79000E741F /* Server */ = {
			isa = PBXGroup;
			children = (
				6E7AB0A52BB16F3D000E741F /* NetworkingProvider.swift */,
			);
			path = Server;
			sourceTree = "<group>";
		};
		6E7AB0A12BB16E8B000E741F /* Model */ = {
			isa = PBXGroup;
			children = (
				6E7AB0A72BB1744B000E741F /* User.swift */,
			);
			path = Model;
			sourceTree = "<group>";
		};
		6E7AB0A22BB16E95000E741F /* View */ = {
			isa = PBXGroup;
			children = (
				6E7AB08B2BB16AD6000E741F /* ViewController.swift */,
			);
			path = View;
			sourceTree = "<group>";
		};
		6E7AB0A32BB16EAC000E741F /* Util */ = {
			isa = PBXGroup;
			children = (
			);
			path = Util;
			sourceTree = "<group>";
		};
		6E7AB0A42BB16EB5000E741F /* ViewModel */ = {
			isa = PBXGroup;
			children = (
			);
			path = ViewModel;
			sourceTree = "<group>";
		};
/* End PBXGroup section */

/* Begin PBXNativeTarget section */
		6E7AB0832BB16AD6000E741F /* Networking */ = {
			isa = PBXNativeTarget;
			buildConfigurationList = 6E7AB0982BB16AD8000E741F /* Build configuration list for PBXNativeTarget "Networking" */;
			buildPhases = (
				6E7AB0802BB16AD6000E741F /* Sources */,
				6E7AB0812BB16AD6000E741F /* Frameworks */,
				6E7AB0822BB16AD6000E741F /* Resources */,
			);
			buildRules = (
			);
			dependencies = (
			);
			name = Networking;
			packageProductDependencies = (
				6E7AB09C2BB16C6A000E741F /* Alamofire */,
				6E7AB09E2BB16C6A000E741F /* AlamofireDynamic */,
			);
			productName = Networking;
			productReference = 6E7AB0842BB16AD6000E741F /* Networking.app */;
			productType = "com.apple.product-type.application";
		};
/* End PBXNativeTarget section */

/* Begin PBXProject section */
		6E7AB07C2BB16AD6000E741F /* Project object */ = {
			isa = PBXProject;
			attributes = {
				BuildIndependentTargetsInParallel = 1;
				LastSwiftUpdateCheck = 1530;
				LastUpgradeCheck = 1530;
				TargetAttributes = {
					6E7AB0832BB16AD6000E741F = {
						CreatedOnToolsVersion = 15.3;
					};
				};
			};
			buildConfigurationList = 6E7AB07F2BB16AD6000E741F /* Build configuration list for PBXProject "Networking" */;
			compatibilityVersion = "Xcode 14.0";
			developmentRegion = en;
			hasScannedForEncodings = 0;
			knownRegions = (
				en,
				Base,
			);
			mainGroup = 6E7AB07B2BB16AD6000E741F;
			packageReferences = (
				6E7AB09B2BB16C6A000E741F /* XCRemoteSwiftPackageReference "Alamofire" */,
			);
			productRefGroup = 6E7AB0852BB16AD6000E741F /* Products */;
			projectDirPath = "";
			projectRoot = "";
			targets = (
				6E7AB0832BB16AD6000E741F /* Networking */,
			);
		};
/* End PBXProject section */

/* Begin PBXResourcesBuildPhase section */
		6E7AB0822BB16AD6000E741F /* Resources */ = {
			isa = PBXResourcesBuildPhase;
			buildActionMask = 2147483647;
			files = (
				6E7AB0912BB16AD8000E741F /* Assets.xcassets in Resources */,
				6E7AB0942BB16AD8000E741F /* Base in Resources */,
				6E7AB08F2BB16AD6000E741F /* Base in Resources */,
			);
			runOnlyForDeploymentPostprocessing = 0;
		};
/* End PBXResourcesBuildPhase section */

/* Begin PBXSourcesBuildPhase section */
		6E7AB0802BB16AD6000E741F /* Sources */ = {
			isa = PBXSourcesBuildPhase;
			buildActionMask = 2147483647;
			files = (
				6E7AB08C2BB16AD6000E741F /* ViewController.swift in Sources */,
				6E7AB0882BB16AD6000E741F /* AppDelegate.swift in Sources */,
				6E7AB0A62BB16F3D000E741F /* NetworkingProvider.swift in Sources */,
				6E7AB0A82BB1744B000E741F /* User.swift in Sources */,
				6E7AB08A2BB16AD6000E741F /* SceneDelegate.swift in Sources */,
			);
			runOnlyForDeploymentPostprocessing = 0;
		};
/* End PBXSourcesBuildPhase section */

/* Begin PBXVariantGroup section */
		6E7AB08D2BB16AD6000E741F /* Main.storyboard */ = {
			isa = PBXVariantGroup;
			children = (
				6E7AB08E2BB16AD6000E741F /* Base */,
			);
			name = Main.storyboard;
			sourceTree = "<group>";
		};
		6E7AB0922BB16AD8000E741F /* LaunchScreen.storyboard */ = {
			isa = PBXVariantGroup;
			children = (
				6E7AB0932BB16AD8000E741F /* Base */,
			);
			name = LaunchScreen.storyboard;
			sourceTree = "<group>";
		};
/* End PBXVariantGroup section */

/* Begin XCBuildConfiguration section */
		6E7AB0962BB16AD8000E741F /* Debug */ = {
			isa = XCBuildConfiguration;
			buildSettings = {
				ALWAYS_SEARCH_USER_PATHS = NO;
				ASSETCATALOG_COMPILER_GENERATE_SWIFT_ASSET_SYMBOL_EXTENSIONS = YES;
				CLANG_ANALYZER_NONNULL = YES;
				CLANG_ANALYZER_NUMBER_OBJECT_CONVERSION = YES_AGGRESSIVE;
				CLANG_CXX_LANGUAGE_STANDARD = "gnu++20";
				CLANG_ENABLE_MODULES = YES;
				CLANG_ENABLE_OBJC_ARC = YES;
				CLANG_ENABLE_OBJC_WEAK = YES;
				CLANG_WARN_BLOCK_CAPTURE_AUTORELEASING = YES;
				CLANG_WARN_BOOL_CONVERSION = YES;
				CLANG_WARN_COMMA = YES;
				CLANG_WARN_CONSTANT_CONVERSION = YES;
				CLANG_WARN_DEPRECATED_OBJC_IMPLEMENTATIONS = YES;
				CLANG_WARN_DIRECT_OBJC_ISA_USAGE = YES_ERROR;
				CLANG_WARN_DOCUMENTATION_COMMENTS = YES;
				CLANG_WARN_EMPTY_BODY = YES;
				CLANG_WARN_ENUM_CONVERSION = YES;
				CLANG_WARN_INFINITE_RECURSION = YES;
				CLANG_WARN_INT_CONVERSION = YES;
				CLANG_WARN_NON_LITERAL_NULL_CONVERSION = YES;
				CLANG_WARN_OBJC_IMPLICIT_RETAIN_SELF = YES;
				CLANG_WARN_OBJC_LITERAL_CONVERSION = YES;
				CLANG_WARN_OBJC_ROOT_CLASS = YES_ERROR;
				CLANG_WARN_QUOTED_INCLUDE_IN_FRAMEWORK_HEADER = YES;
				CLANG_WARN_RANGE_LOOP_ANALYSIS = YES;
				CLANG_WARN_STRICT_PROTOTYPES = YES;
				CLANG_WARN_SUSPICIOUS_MOVE = YES;
				CLANG_WARN_UNGUARDED_AVAILABILITY = YES_AGGRESSIVE;
				CLANG_WARN_UNREACHABLE_CODE = YES;
				CLANG_WARN__DUPLICATE_METHOD_MATCH = YES;
				COPY_PHASE_STRIP = NO;
				DEBUG_INFORMATION_FORMAT = dwarf;
				ENABLE_STRICT_OBJC_MSGSEND = YES;
				ENABLE_TESTABILITY = YES;
				ENABLE_USER_SCRIPT_SANDBOXING = YES;
				GCC_C_LANGUAGE_STANDARD = gnu17;
				GCC_DYNAMIC_NO_PIC = NO;
				GCC_NO_COMMON_BLOCKS = YES;
				GCC_OPTIMIZATION_LEVEL = 0;
				GCC_PREPROCESSOR_DEFINITIONS = (
					"DEBUG=1",
					"$(inherited)",
				);
				GCC_WARN_64_TO_32_BIT_CONVERSION = YES;
				GCC_WARN_ABOUT_RETURN_TYPE = YES_ERROR;
				GCC_WARN_UNDECLARED_SELECTOR = YES;
				GCC_WARN_UNINITIALIZED_AUTOS = YES_AGGRESSIVE;
				GCC_WARN_UNUSED_FUNCTION = YES;
				GCC_WARN_UNUSED_VARIABLE = YES;
				IPHONEOS_DEPLOYMENT_TARGET = 17.4;
				LOCALIZATION_PREFERS_STRING_CATALOGS = YES;
				MTL_ENABLE_DEBUG_INFO = INCLUDE_SOURCE;
				MTL_FAST_MATH = YES;
				ONLY_ACTIVE_ARCH = YES;
				SDKROOT = iphoneos;
				SWIFT_ACTIVE_COMPILATION_CONDITIONS = "DEBUG $(inherited)";
				SWIFT_OPTIMIZATION_LEVEL = "-Onone";
			};
			name = Debug;
		};
		6E7AB0972BB16AD8000E741F /* Release */ = {
			isa = XCBuildConfiguration;
			buildSettings = {
				ALWAYS_SEARCH_USER_PATHS = NO;
				ASSETCATALOG_COMPILER_GENERATE_SWIFT_ASSET_SYMBOL_EXTENSIONS = YES;
				CLANG_ANALYZER_NONNULL = YES;
				CLANG_ANALYZER_NUMBER_OBJECT_CONVERSION = YES_AGGRESSIVE;
				CLANG_CXX_LANGUAGE_STANDARD = "gnu++20";
				CLANG_ENABLE_MODULES = YES;
				CLANG_ENABLE_OBJC_ARC = YES;
				CLANG_ENABLE_OBJC_WEAK = YES;
				CLANG_WARN_BLOCK_CAPTURE_AUTORELEASING = YES;
				CLANG_WARN_BOOL_CONVERSION = YES;
				CLANG_WARN_COMMA = YES;
				CLANG_WARN_CONSTANT_CONVERSION = YES;
				CLANG_WARN_DEPRECATED_OBJC_IMPLEMENTATIONS = YES;
				CLANG_WARN_DIRECT_OBJC_ISA_USAGE = YES_ERROR;
				CLANG_WARN_DOCUMENTATION_COMMENTS = YES;
				CLANG_WARN_EMPTY_BODY = YES;
				CLANG_WARN_ENUM_CONVERSION = YES;
				CLANG_WARN_INFINITE_RECURSION = YES;
				CLANG_WARN_INT_CONVERSION = YES;
				CLANG_WARN_NON_LITERAL_NULL_CONVERSION = YES;
				CLANG_WARN_OBJC_IMPLICIT_RETAIN_SELF = YES;
				CLANG_WARN_OBJC_LITERAL_CONVERSION = YES;
				CLANG_WARN_OBJC_ROOT_CLASS = YES_ERROR;
				CLANG_WARN_QUOTED_INCLUDE_IN_FRAMEWORK_HEADER = YES;
				CLANG_WARN_RANGE_LOOP_ANALYSIS = YES;
				CLANG_WARN_STRICT_PROTOTYPES = YES;
				CLANG_WARN_SUSPICIOUS_MOVE = YES;
				CLANG_WARN_UNGUARDED_AVAILABILITY = YES_AGGRESSIVE;
				CLANG_WARN_UNREACHABLE_CODE = YES;
				CLANG_WARN__DUPLICATE_METHOD_MATCH = YES;
				COPY_PHASE_STRIP = NO;
				DEBUG_INFORMATION_FORMAT = "dwarf-with-dsym";
				ENABLE_NS_ASSERTIONS = NO;
				ENABLE_STRICT_OBJC_MSGSEND = YES;
				ENABLE_USER_SCRIPT_SANDBOXING = YES;
				GCC_C_LANGUAGE_STANDARD = gnu17;
				GCC_NO_COMMON_BLOCKS = YES;
				GCC_WARN_64_TO_32_BIT_CONVERSION = YES;
				GCC_WARN_ABOUT_RETURN_TYPE = YES_ERROR;
				GCC_WARN_UNDECLARED_SELECTOR = YES;
				GCC_WARN_UNINITIALIZED_AUTOS = YES_AGGRESSIVE;
				GCC_WARN_UNUSED_FUNCTION = YES;
				GCC_WARN_UNUSED_VARIABLE = YES;
				IPHONEOS_DEPLOYMENT_TARGET = 17.4;
				LOCALIZATION_PREFERS_STRING_CATALOGS = YES;
				MTL_ENABLE_DEBUG_INFO = NO;
				MTL_FAST_MATH = YES;
				SDKROOT = iphoneos;
				SWIFT_COMPILATION_MODE = wholemodule;
				VALIDATE_PRODUCT = YES;
			};
			name = Release;
		};
		6E7AB0992BB16AD8000E741F /* Debug */ = {
			isa = XCBuildConfiguration;
			buildSettings = {
				ASSETCATALOG_COMPILER_APPICON_NAME = AppIcon;
				ASSETCATALOG_COMPILER_GLOBAL_ACCENT_COLOR_NAME = AccentColor;
				CODE_SIGN_STYLE = Automatic;
				CURRENT_PROJECT_VERSION = 1;
				DEVELOPMENT_TEAM = W5HZTU6SV8;
				GENERATE_INFOPLIST_FILE = YES;
				INFOPLIST_FILE = Networking/Info.plist;
				INFOPLIST_KEY_UIApplicationSupportsIndirectInputEvents = YES;
				INFOPLIST_KEY_UILaunchStoryboardName = LaunchScreen;
				INFOPLIST_KEY_UIMainStoryboardFile = Main;
				INFOPLIST_KEY_UISupportedInterfaceOrientations_iPad = "UIInterfaceOrientationPortrait UIInterfaceOrientationPortraitUpsideDown UIInterfaceOrientationLandscapeLeft UIInterfaceOrientationLandscapeRight";
				INFOPLIST_KEY_UISupportedInterfaceOrientations_iPhone = "UIInterfaceOrientationPortrait UIInterfaceOrientationLandscapeLeft UIInterfaceOrientationLandscapeRight";
				LD_RUNPATH_SEARCH_PATHS = (
					"$(inherited)",
					"@executable_path/Frameworks",
				);
				MARKETING_VERSION = 1.0;
				PRODUCT_BUNDLE_IDENTIFIER = com.lordzzz.Networking;
				PRODUCT_NAME = "$(TARGET_NAME)";
				SWIFT_EMIT_LOC_STRINGS = YES;
				SWIFT_VERSION = 5.0;
				TARGETED_DEVICE_FAMILY = "1,2";
			};
			name = Debug;
		};
		6E7AB09A2BB16AD8000E741F /* Release */ = {
			isa = XCBuildConfiguration;
			buildSettings = {
				ASSETCATALOG_COMPILER_APPICON_NAME = AppIcon;
				ASSETCATALOG_COMPILER_GLOBAL_ACCENT_COLOR_NAME = AccentColor;
				CODE_SIGN_STYLE = Automatic;
				CURRENT_PROJECT_VERSION = 1;
				DEVELOPMENT_TEAM = W5HZTU6SV8;
				GENERATE_INFOPLIST_FILE = YES;
				INFOPLIST_FILE = Networking/Info.plist;
				INFOPLIST_KEY_UIApplicationSupportsIndirectInputEvents = YES;
				INFOPLIST_KEY_UILaunchStoryboardName = LaunchScreen;
				INFOPLIST_KEY_UIMainStoryboardFile = Main;
				INFOPLIST_KEY_UISupportedInterfaceOrientations_iPad = "UIInterfaceOrientationPortrait UIInterfaceOrientationPortraitUpsideDown UIInterfaceOrientationLandscapeLeft UIInterfaceOrientationLandscapeRight";
				INFOPLIST_KEY_UISupportedInterfaceOrientations_iPhone = "UIInterfaceOrientationPortrait UIInterfaceOrientationLandscapeLeft UIInterfaceOrientationLandscapeRight";
				LD_RUNPATH_SEARCH_PATHS = (
					"$(inherited)",
					"@executable_path/Frameworks",
				);
				MARKETING_VERSION = 1.0;
				PRODUCT_BUNDLE_IDENTIFIER = com.lordzzz.Networking;
				PRODUCT_NAME = "$(TARGET_NAME)";
				SWIFT_EMIT_LOC_STRINGS = YES;
				SWIFT_VERSION = 5.0;
				TARGETED_DEVICE_FAMILY = "1,2";
			};
			name = Release;
		};
/* End XCBuildConfiguration section */

/* Begin XCConfigurationList section */
		6E7AB07F2BB16AD6000E741F /* Build configuration list for PBXProject "Networking" */ = {
			isa = XCConfigurationList;
			buildConfigurations = (
				6E7AB0962BB16AD8000E741F /* Debug */,
				6E7AB0972BB16AD8000E741F /* Release */,
			);
			defaultConfigurationIsVisible = 0;
			defaultConfigurationName = Release;
		};
		6E7AB0982BB16AD8000E741F /* Build configuration list for PBXNativeTarget "Networking" */ = {
			isa = XCConfigurationList;
			buildConfigurations = (
				6E7AB0992BB16AD8000E741F /* Debug */,
				6E7AB09A2BB16AD8000E741F /* Release */,
			);
			defaultConfigurationIsVisible = 0;
			defaultConfigurationName = Release;
		};
/* End XCConfigurationList section */

/* Begin XCRemoteSwiftPackageReference section */
		6E7AB09B2BB16C6A000E741F /* XCRemoteSwiftPackageReference "Alamofire" */ = {
			isa = XCRemoteSwiftPackageReference;
			repositoryURL = "https://github.com/Alamofire/Alamofire.git";
			requirement = {
				kind = upToNextMajorVersion;
				minimumVersion = 5.9.0;
			};
		};
/* End XCRemoteSwiftPackageReference section */

/* Begin XCSwiftPackageProductDependency section */
		6E7AB09C2BB16C6A000E741F /* Alamofire */ = {
			isa = XCSwiftPackageProductDependency;
			package = 6E7AB09B2BB16C6A000E741F /* XCRemoteSwiftPackageReference "Alamofire" */;
			productName = Alamofire;
		};
		6E7AB09E2BB16C6A000E741F /* AlamofireDynamic */ = {
			isa = XCSwiftPackageProductDependency;
			package = 6E7AB09B2BB16C6A000E741F /* XCRemoteSwiftPackageReference "Alamofire" */;
			productName = AlamofireDynamic;
		};
/* End XCSwiftPackageProductDependency section */
	};
	rootObject = 6E7AB07C2BB16AD6000E741F /* Project object */;
}
